// !$*UTF8*$!
{
	archiveVersion = 1;
	classes = {
	};
	objectVersion = 46;
	objects = {

/* Begin PBXBuildFile section */
		BE60C5E11A45163E0094DC27 /* AppDelegate.m in Sources */ = {isa = PBXBuildFile; fileRef = BE60C5E01A45163E0094DC27 /* AppDelegate.m */; };
		BE60C5E31A45163E0094DC27 /* main.m in Sources */ = {isa = PBXBuildFile; fileRef = BE60C5E21A45163E0094DC27 /* main.m */; };
		BE60C5E51A45163E0094DC27 /* Images.xcassets in Resources */ = {isa = PBXBuildFile; fileRef = BE60C5E41A45163E0094DC27 /* Images.xcassets */; };
		BE60C5E81A45163E0094DC27 /* MainMenu.xib in Resources */ = {isa = PBXBuildFile; fileRef = BE60C5E61A45163E0094DC27 /* MainMenu.xib */; };
		BE60C5F41A45163E0094DC27 /* CATextShapeLayerTestTests.m in Sources */ = {isa = PBXBuildFile; fileRef = BE60C5F31A45163E0094DC27 /* CATextShapeLayerTestTests.m */; };
		BE60C5FF1A451CF70094DC27 /* TMMTTextShapeLayer.m in Sources */ = {isa = PBXBuildFile; fileRef = BE60C5FE1A451CF70094DC27 /* TMMTTextShapeLayer.m */; };
		BE60C6011A451EAA0094DC27 /* Quartz.framework in Frameworks */ = {isa = PBXBuildFile; fileRef = BE60C6001A451EAA0094DC27 /* Quartz.framework */; };
/* End PBXBuildFile section */

/* Begin PBXContainerItemProxy section */
		BE60C5EE1A45163E0094DC27 /* PBXContainerItemProxy */ = {
			isa = PBXContainerItemProxy;
			containerPortal = BE60C5D21A45163E0094DC27 /* Project object */;
			proxyType = 1;
			remoteGlobalIDString = BE60C5D91A45163E0094DC27;
			remoteInfo = CATextShapeLayerTest;
		};
/* End PBXContainerItemProxy section */

/* Begin PBXFileReference section */
		BE60C5DA1A45163E0094DC27 /* TMMTTextShapeLayerTest.app */ = {isa = PBXFileReference; explicitFileType = wrapper.application; includeInIndex = 0; path = TMMTTextShapeLayerTest.app; sourceTree = BUILT_PRODUCTS_DIR; };
		BE60C5DE1A45163E0094DC27 /* Info.plist */ = {isa = PBXFileReference; lastKnownFileType = text.plist.xml; path = Info.plist; sourceTree = "<group>"; };
		BE60C5DF1A45163E0094DC27 /* AppDelegate.h */ = {isa = PBXFileReference; lastKnownFileType = sourcecode.c.h; path = AppDelegate.h; sourceTree = "<group>"; };
		BE60C5E01A45163E0094DC27 /* AppDelegate.m */ = {isa = PBXFileReference; lastKnownFileType = sourcecode.c.objc; path = AppDelegate.m; sourceTree = "<group>"; };
		BE60C5E21A45163E0094DC27 /* main.m */ = {isa = PBXFileReference; lastKnownFileType = sourcecode.c.objc; path = main.m; sourceTree = "<group>"; };
		BE60C5E41A45163E0094DC27 /* Images.xcassets */ = {isa = PBXFileReference; lastKnownFileType = folder.assetcatalog; path = Images.xcassets; sourceTree = "<group>"; };
		BE60C5E71A45163E0094DC27 /* Base */ = {isa = PBXFileReference; lastKnownFileType = file.xib; name = Base; path = Base.lproj/MainMenu.xib; sourceTree = "<group>"; };
		BE60C5ED1A45163E0094DC27 /* TMMTTextShapeLayerTestTests.xctest */ = {isa = PBXFileReference; explicitFileType = wrapper.cfbundle; includeInIndex = 0; path = TMMTTextShapeLayerTestTests.xctest; sourceTree = BUILT_PRODUCTS_DIR; };
		BE60C5F21A45163E0094DC27 /* Info.plist */ = {isa = PBXFileReference; lastKnownFileType = text.plist.xml; path = Info.plist; sourceTree = "<group>"; };
		BE60C5F31A45163E0094DC27 /* CATextShapeLayerTestTests.m */ = {isa = PBXFileReference; lastKnownFileType = sourcecode.c.objc; path = CATextShapeLayerTestTests.m; sourceTree = "<group>"; };
		BE60C5FD1A451CF70094DC27 /* TMMTTextShapeLayer.h */ = {isa = PBXFileReference; fileEncoding = 4; lastKnownFileType = sourcecode.c.h; path = TMMTTextShapeLayer.h; sourceTree = "<group>"; };
		BE60C5FE1A451CF70094DC27 /* TMMTTextShapeLayer.m */ = {isa = PBXFileReference; fileEncoding = 4; lastKnownFileType = sourcecode.c.objc; path = TMMTTextShapeLayer.m; sourceTree = "<group>"; };
		BE60C6001A451EAA0094DC27 /* Quartz.framework */ = {isa = PBXFileReference; lastKnownFileType = wrapper.framework; name = Quartz.framework; path = System/Library/Frameworks/Quartz.framework; sourceTree = SDKROOT; };
/* End PBXFileReference section */

/* Begin PBXFrameworksBuildPhase section */
		BE60C5D71A45163E0094DC27 /* Frameworks */ = {
			isa = PBXFrameworksBuildPhase;
			buildActionMask = 2147483647;
			files = (
				BE60C6011A451EAA0094DC27 /* Quartz.framework in Frameworks */,
			);
			runOnlyForDeploymentPostprocessing = 0;
		};
		BE60C5EA1A45163E0094DC27 /* Frameworks */ = {
			isa = PBXFrameworksBuildPhase;
			buildActionMask = 2147483647;
			files = (
			);
			runOnlyForDeploymentPostprocessing = 0;
		};
/* End PBXFrameworksBuildPhase section */

/* Begin PBXGroup section */
		BE60C5D11A45163E0094DC27 = {
			isa = PBXGroup;
			children = (
				BE60C6001A451EAA0094DC27 /* Quartz.framework */,
				BE60C5DC1A45163E0094DC27 /* CATextShapeLayerTest */,
				BE60C5F01A45163E0094DC27 /* CATextShapeLayerTestTests */,
				BE60C5DB1A45163E0094DC27 /* Products */,
			);
			sourceTree = "<group>";
		};
		BE60C5DB1A45163E0094DC27 /* Products */ = {
			isa = PBXGroup;
			children = (
				BE60C5DA1A45163E0094DC27 /* TMMTTextShapeLayerTest.app */,
				BE60C5ED1A45163E0094DC27 /* TMMTTextShapeLayerTestTests.xctest */,
			);
			name = Products;
			sourceTree = "<group>";
		};
		BE60C5DC1A45163E0094DC27 /* CATextShapeLayerTest */ = {
			isa = PBXGroup;
			children = (
				BE60C5DF1A45163E0094DC27 /* AppDelegate.h */,
				BE60C5E01A45163E0094DC27 /* AppDelegate.m */,
				BE60C5E41A45163E0094DC27 /* Images.xcassets */,
				BE60C5E61A45163E0094DC27 /* MainMenu.xib */,
				BE60C5DD1A45163E0094DC27 /* Supporting Files */,
				BE60C5FD1A451CF70094DC27 /* TMMTTextShapeLayer.h */,
				BE60C5FE1A451CF70094DC27 /* TMMTTextShapeLayer.m */,
			);
			path = CATextShapeLayerTest;
			sourceTree = "<group>";
		};
		BE60C5DD1A45163E0094DC27 /* Supporting Files */ = {
			isa = PBXGroup;
			children = (
				BE60C5DE1A45163E0094DC27 /* Info.plist */,
				BE60C5E21A45163E0094DC27 /* main.m */,
			);
			name = "Supporting Files";
			sourceTree = "<group>";
		};
		BE60C5F01A45163E0094DC27 /* CATextShapeLayerTestTests */ = {
			isa = PBXGroup;
			children = (
				BE60C5F31A45163E0094DC27 /* CATextShapeLayerTestTests.m */,
				BE60C5F11A45163E0094DC27 /* Supporting Files */,
			);
			path = CATextShapeLayerTestTests;
			sourceTree = "<group>";
		};
		BE60C5F11A45163E0094DC27 /* Supporting Files */ = {
			isa = PBXGroup;
			children = (
				BE60C5F21A45163E0094DC27 /* Info.plist */,
			);
			name = "Supporting Files";
			sourceTree = "<group>";
		};
/* End PBXGroup section */

/* Begin PBXNativeTarget section */
		BE60C5D91A45163E0094DC27 /* TMMTTextShapeLayerTest */ = {
			isa = PBXNativeTarget;
			buildConfigurationList = BE60C5F71A45163E0094DC27 /* Build configuration list for PBXNativeTarget "TMMTTextShapeLayerTest" */;
			buildPhases = (
				BE60C5D61A45163E0094DC27 /* Sources */,
				BE60C5D71A45163E0094DC27 /* Frameworks */,
				BE60C5D81A45163E0094DC27 /* Resources */,
			);
			buildRules = (
			);
			dependencies = (
			);
			name = TMMTTextShapeLayerTest;
			productName = CATextShapeLayerTest;
			productReference = BE60C5DA1A45163E0094DC27 /* TMMTTextShapeLayerTest.app */;
			productType = "com.apple.product-type.application";
		};
		BE60C5EC1A45163E0094DC27 /* TMMTTextShapeLayerTestTests */ = {
			isa = PBXNativeTarget;
			buildConfigurationList = BE60C5FA1A45163E0094DC27 /* Build configuration list for PBXNativeTarget "TMMTTextShapeLayerTestTests" */;
			buildPhases = (
				BE60C5E91A45163E0094DC27 /* Sources */,
				BE60C5EA1A45163E0094DC27 /* Frameworks */,
				BE60C5EB1A45163E0094DC27 /* Resources */,
			);
			buildRules = (
			);
			dependencies = (
				BE60C5EF1A45163E0094DC27 /* PBXTargetDependency */,
			);
			name = TMMTTextShapeLayerTestTests;
			productName = CATextShapeLayerTestTests;
			productReference = BE60C5ED1A45163E0094DC27 /* TMMTTextShapeLayerTestTests.xctest */;
			productType = "com.apple.product-type.bundle.unit-test";
		};
/* End PBXNativeTarget section */

/* Begin PBXProject section */
		BE60C5D21A45163E0094DC27 /* Project object */ = {
			isa = PBXProject;
			attributes = {
				LastUpgradeCheck = 0610;
				ORGANIZATIONNAME = "Treblotto Music and Music Tech";
				TargetAttributes = {
					BE60C5D91A45163E0094DC27 = {
						CreatedOnToolsVersion = 6.1;
					};
					BE60C5EC1A45163E0094DC27 = {
						CreatedOnToolsVersion = 6.1;
						TestTargetID = BE60C5D91A45163E0094DC27;
					};
				};
			};
			buildConfigurationList = BE60C5D51A45163E0094DC27 /* Build configuration list for PBXProject "TMMTTextShapeLayerTest" */;
			compatibilityVersion = "Xcode 3.2";
			developmentRegion = English;
			hasScannedForEncodings = 0;
			knownRegions = (
				en,
				Base,
			);
			mainGroup = BE60C5D11A45163E0094DC27;
			productRefGroup = BE60C5DB1A45163E0094DC27 /* Products */;
			projectDirPath = "";
			projectRoot = "";
			targets = (
				BE60C5D91A45163E0094DC27 /* TMMTTextShapeLayerTest */,
				BE60C5EC1A45163E0094DC27 /* TMMTTextShapeLayerTestTests */,
			);
		};
/* End PBXProject section */

/* Begin PBXResourcesBuildPhase section */
		BE60C5D81A45163E0094DC27 /* Resources */ = {
			isa = PBXResourcesBuildPhase;
			buildActionMask = 2147483647;
			files = (
				BE60C5E51A45163E0094DC27 /* Images.xcassets in Resources */,
				BE60C5E81A45163E0094DC27 /* MainMenu.xib in Resources */,
			);
			runOnlyForDeploymentPostprocessing = 0;
		};
		BE60C5EB1A45163E0094DC27 /* Resources */ = {
			isa = PBXResourcesBuildPhase;
			buildActionMask = 2147483647;
			files = (
			);
			runOnlyForDeploymentPostprocessing = 0;
		};
/* End PBXResourcesBuildPhase section */

/* Begin PBXSourcesBuildPhase section */
		BE60C5D61A45163E0094DC27 /* Sources */ = {
			isa = PBXSourcesBuildPhase;
			buildActionMask = 2147483647;
			files = (
				BE60C5E31A45163E0094DC27 /* main.m in Sources */,
				BE60C5E11A45163E0094DC27 /* AppDelegate.m in Sources */,
				BE60C5FF1A451CF70094DC27 /* TMMTTextShapeLayer.m in Sources */,
			);
			runOnlyForDeploymentPostprocessing = 0;
		};
		BE60C5E91A45163E0094DC27 /* Sources */ = {
			isa = PBXSourcesBuildPhase;
			buildActionMask = 2147483647;
			files = (
				BE60C5F41A45163E0094DC27 /* CATextShapeLayerTestTests.m in Sources */,
			);
			runOnlyForDeploymentPostprocessing = 0;
		};
/* End PBXSourcesBuildPhase section */

/* Begin PBXTargetDependency section */
		BE60C5EF1A45163E0094DC27 /* PBXTargetDependency */ = {
			isa = PBXTargetDependency;
			target = BE60C5D91A45163E0094DC27 /* TMMTTextShapeLayerTest */;
			targetProxy = BE60C5EE1A45163E0094DC27 /* PBXContainerItemProxy */;
		};
/* End PBXTargetDependency section */

/* Begin PBXVariantGroup section */
		BE60C5E61A45163E0094DC27 /* MainMenu.xib */ = {
			isa = PBXVariantGroup;
			children = (
				BE60C5E71A45163E0094DC27 /* Base */,
			);
			name = MainMenu.xib;
			sourceTree = "<group>";
		};
/* End PBXVariantGroup section */

/* Begin XCBuildConfiguration section */
		BE60C5F51A45163E0094DC27 /* Debug */ = {
			isa = XCBuildConfiguration;
			buildSettings = {
				ALWAYS_SEARCH_USER_PATHS = NO;
				CLANG_CXX_LANGUAGE_STANDARD = "gnu++0x";
				CLANG_CXX_LIBRARY = "libc++";
				CLANG_ENABLE_MODULES = YES;
				CLANG_ENABLE_OBJC_ARC = YES;
				CLANG_WARN_BOOL_CONVERSION = YES;
				CLANG_WARN_CONSTANT_CONVERSION = YES;
				CLANG_WARN_DIRECT_OBJC_ISA_USAGE = YES_ERROR;
				CLANG_WARN_EMPTY_BODY = YES;
				CLANG_WARN_ENUM_CONVERSION = YES;
				CLANG_WARN_INT_CONVERSION = YES;
				CLANG_WARN_OBJC_ROOT_CLASS = YES_ERROR;
				CLANG_WARN_UNREACHABLE_CODE = YES;
				CLANG_WARN__DUPLICATE_METHOD_MATCH = YES;
				CODE_SIGN_IDENTITY = "-";
				COPY_PHASE_STRIP = NO;
				ENABLE_STRICT_OBJC_MSGSEND = YES;
				GCC_C_LANGUAGE_STANDARD = gnu99;
				GCC_DYNAMIC_NO_PIC = NO;
				GCC_OPTIMIZATION_LEVEL = 0;
				GCC_PREPROCESSOR_DEFINITIONS = (
					"DEBUG=1",
					"$(inherited)",
				);
				GCC_SYMBOLS_PRIVATE_EXTERN = NO;
				GCC_WARN_64_TO_32_BIT_CONVERSION = YES;
				GCC_WARN_ABOUT_RETURN_TYPE = YES_ERROR;
				GCC_WARN_UNDECLARED_SELECTOR = YES;
				GCC_WARN_UNINITIALIZED_AUTOS = YES_AGGRESSIVE;
				GCC_WARN_UNUSED_FUNCTION = YES;
				GCC_WARN_UNUSED_VARIABLE = YES;
				MACOSX_DEPLOYMENT_TARGET = 10.10;
				MTL_ENABLE_DEBUG_INFO = YES;
				ONLY_ACTIVE_ARCH = YES;
				SDKROOT = macosx;
			};
			name = Debug;
		};
		BE60C5F61A45163E0094DC27 /* Release */ = {
			isa = XCBuildConfiguration;
			buildSettings = {
				ALWAYS_SEARCH_USER_PATHS = NO;
				CLANG_CXX_LANGUAGE_STANDARD = "gnu++0x";
				CLANG_CXX_LIBRARY = "libc++";
				CLANG_ENABLE_MODULES = YES;
				CLANG_ENABLE_OBJC_ARC = YES;
				CLANG_WARN_BOOL_CONVERSION = YES;
				CLANG_WARN_CONSTANT_CONVERSION = YES;
				CLANG_WARN_DIRECT_OBJC_ISA_USAGE = YES_ERROR;
				CLANG_WARN_EMPTY_BODY = YES;
				CLANG_WARN_ENUM_CONVERSION = YES;
				CLANG_WARN_INT_CONVERSION = YES;
				CLANG_WARN_OBJC_ROOT_CLASS = YES_ERROR;
				CLANG_WARN_UNREACHABLE_CODE = YES;
				CLANG_WARN__DUPLICATE_METHOD_MATCH = YES;
				CODE_SIGN_IDENTITY = "-";
				COPY_PHASE_STRIP = YES;
				DEBUG_INFORMATION_FORMAT = "dwarf-with-dsym";
				ENABLE_NS_ASSERTIONS = NO;
				ENABLE_STRICT_OBJC_MSGSEND = YES;
				GCC_C_LANGUAGE_STANDARD = gnu99;
				GCC_WARN_64_TO_32_BIT_CONVERSION = YES;
				GCC_WARN_ABOUT_RETURN_TYPE = YES_ERROR;
				GCC_WARN_UNDECLARED_SELECTOR = YES;
				GCC_WARN_UNINITIALIZED_AUTOS = YES_AGGRESSIVE;
				GCC_WARN_UNUSED_FUNCTION = YES;
				GCC_WARN_UNUSED_VARIABLE = YES;
				MACOSX_DEPLOYMENT_TARGET = 10.10;
				MTL_ENABLE_DEBUG_INFO = NO;
				SDKROOT = macosx;
			};
			name = Release;
		};
		BE60C5F81A45163E0094DC27 /* Debug */ = {
			isa = XCBuildConfiguration;
			buildSettings = {
				ASSETCATALOG_COMPILER_APPICON_NAME = AppIcon;
				COMBINE_HIDPI_IMAGES = YES;
				INFOPLIST_FILE = CATextShapeLayerTest/Info.plist;
				LD_RUNPATH_SEARCH_PATHS = "$(inherited) @executable_path/../Frameworks";
				PRODUCT_NAME = TMMTTextShapeLayerTest;
			};
			name = Debug;
		};
		BE60C5F91A45163E0094DC27 /* Release */ = {
			isa = XCBuildConfiguration;
			buildSettings = {
				ASSETCATALOG_COMPILER_APPICON_NAME = AppIcon;
				COMBINE_HIDPI_IMAGES = YES;
				INFOPLIST_FILE = CATextShapeLayerTest/Info.plist;
				LD_RUNPATH_SEARCH_PATHS = "$(inherited) @executable_path/../Frameworks";
				PRODUCT_NAME = TMMTTextShapeLayerTest;
			};
			name = Release;
		};
		BE60C5FB1A45163E0094DC27 /* Debug */ = {
			isa = XCBuildConfiguration;
			buildSettings = {
				BUNDLE_LOADER = "$(TEST_HOST)";
				COMBINE_HIDPI_IMAGES = YES;
				FRAMEWORK_SEARCH_PATHS = (
					"$(DEVELOPER_FRAMEWORKS_DIR)",
					"$(inherited)",
				);
				GCC_PREPROCESSOR_DEFINITIONS = (
					"DEBUG=1",
					"$(inherited)",
				);
				INFOPLIST_FILE = CATextShapeLayerTestTests/Info.plist;
				LD_RUNPATH_SEARCH_PATHS = "$(inherited) @executable_path/../Frameworks @loader_path/../Frameworks";
				PRODUCT_NAME = TMMTTextShapeLayerTestTests;
				TEST_HOST = "$(BUILT_PRODUCTS_DIR)/CATextShapeLayerTest.app/Contents/MacOS/CATextShapeLayerTest";
			};
			name = Debug;
		};
		BE60C5FC1A45163E0094DC27 /* Release */ = {
			isa = XCBuildConfiguration;
			buildSettings = {
				BUNDLE_LOADER = "$(TEST_HOST)";
				COMBINE_HIDPI_IMAGES = YES;
				FRAMEWORK_SEARCH_PATHS = (
					"$(DEVELOPER_FRAMEWORKS_DIR)",
					"$(inherited)",
				);
				INFOPLIST_FILE = CATextShapeLayerTestTests/Info.plist;
				LD_RUNPATH_SEARCH_PATHS = "$(inherited) @executable_path/../Frameworks @loader_path/../Frameworks";
				PRODUCT_NAME = TMMTTextShapeLayerTestTests;
				TEST_HOST = "$(BUILT_PRODUCTS_DIR)/CATextShapeLayerTest.app/Contents/MacOS/CATextShapeLayerTest";
			};
			name = Release;
		};
/* End XCBuildConfiguration section */

/* Begin XCConfigurationList section */
		BE60C5D51A45163E0094DC27 /* Build configuration list for PBXProject "TMMTTextShapeLayerTest" */ = {
			isa = XCConfigurationList;
			buildConfigurations = (
				BE60C5F51A45163E0094DC27 /* Debug */,
				BE60C5F61A45163E0094DC27 /* Release */,
			);
			defaultConfigurationIsVisible = 0;
			defaultConfigurationName = Release;
		};
		BE60C5F71A45163E0094DC27 /* Build configuration list for PBXNativeTarget "TMMTTextShapeLayerTest" */ = {
			isa = XCConfigurationList;
			buildConfigurations = (
				BE60C5F81A45163E0094DC27 /* Debug */,
				BE60C5F91A45163E0094DC27 /* Release */,
			);
			defaultConfigurationIsVisible = 0;
		};
		BE60C5FA1A45163E0094DC27 /* Build configuration list for PBXNativeTarget "TMMTTextShapeLayerTestTests" */ = {
			isa = XCConfigurationList;
			buildConfigurations = (
				BE60C5FB1A45163E0094DC27 /* Debug */,
				BE60C5FC1A45163E0094DC27 /* Release */,
			);
			defaultConfigurationIsVisible = 0;
		};
/* End XCConfigurationList section */
	};
	rootObject = BE60C5D21A45163E0094DC27 /* Project object */;
}
